lockfileVersion: '9.0'

settings:
  autoInstallPeers: true
  excludeLinksFromLockfile: false

importers:

  .:
    devDependencies:
      react-grep:
        specifier: ^0.1.1
        version: 0.1.1

packages:

  react-grep@0.1.1:
    resolution: {integrity: sha512-l9W5Ze6trLcgdp2HlKp6v6EJUS5gfmtDus95G5xiWnDyGjL93ctXFIx212N6B4E9hn0loqbcZAzvnx07nio2ag==}

snapshots:

  react-grep@0.1.1: {}
